// !$*UTF8*$!
{
	archiveVersion = 1;
	classes = {
	};
	objectVersion = 46;
	objects = {

/* Begin PBXBuildFile section */
		03DAAEE31542918400072EDD /* UIKit.framework in Frameworks */ = {isa = PBXBuildFile; fileRef = 03DAAEE21542918400072EDD /* UIKit.framework */; };
		03DAAEE51542918400072EDD /* Foundation.framework in Frameworks */ = {isa = PBXBuildFile; fileRef = 03DAAEE41542918400072EDD /* Foundation.framework */; };
		03DAAEE71542918400072EDD /* CoreGraphics.framework in Frameworks */ = {isa = PBXBuildFile; fileRef = 03DAAEE61542918400072EDD /* CoreGraphics.framework */; };
		03DAAEED1542918400072EDD /* InfoPlist.strings in Resources */ = {isa = PBXBuildFile; fileRef = 03DAAEEB1542918400072EDD /* InfoPlist.strings */; };
		03DAAEEF1542918400072EDD /* main.m in Sources */ = {isa = PBXBuildFile; fileRef = 03DAAEEE1542918400072EDD /* main.m */; };
		03DAAEF31542918400072EDD /* AppDelegate.m in Sources */ = {isa = PBXBuildFile; fileRef = 03DAAEF21542918400072EDD /* AppDelegate.m */; };
		03DAAEF61542918400072EDD /* MainStoryboard.storyboard in Resources */ = {isa = PBXBuildFile; fileRef = 03DAAEF41542918400072EDD /* MainStoryboard.storyboard */; };
		03DAAEF91542918400072EDD /* ViewController.m in Sources */ = {isa = PBXBuildFile; fileRef = 03DAAEF81542918400072EDD /* ViewController.m */; };
		03DAAF011542918400072EDD /* SenTestingKit.framework in Frameworks */ = {isa = PBXBuildFile; fileRef = 03DAAF001542918400072EDD /* SenTestingKit.framework */; };
		03DAAF021542918500072EDD /* UIKit.framework in Frameworks */ = {isa = PBXBuildFile; fileRef = 03DAAEE21542918400072EDD /* UIKit.framework */; };
		03DAAF031542918500072EDD /* Foundation.framework in Frameworks */ = {isa = PBXBuildFile; fileRef = 03DAAEE41542918400072EDD /* Foundation.framework */; };
		03DAAF0B1542918500072EDD /* InfoPlist.strings in Resources */ = {isa = PBXBuildFile; fileRef = 03DAAF091542918500072EDD /* InfoPlist.strings */; };
		03DAAF0E1542918500072EDD /* MytestTests.m in Sources */ = {isa = PBXBuildFile; fileRef = 03DAAF0D1542918500072EDD /* MytestTests.m */; };
/* End PBXBuildFile section */

/* Begin PBXContainerItemProxy section */
		03DAAF041542918500072EDD /* PBXContainerItemProxy */ = {
			isa = PBXContainerItemProxy;
			containerPortal = 03DAAED51542918400072EDD /* Project object */;
			proxyType = 1;
			remoteGlobalIDString = 03DAAEDD1542918400072EDD;
			remoteInfo = Mytest;
		};
/* End PBXContainerItemProxy section */

/* Begin PBXFileReference section */
		03DAAEDE1542918400072EDD /* Mytest.app */ = {isa = PBXFileReference; explicitFileType = wrapper.application; includeInIndex = 0; path = Mytest.app; sourceTree = BUILT_PRODUCTS_DIR; };
		03DAAEE21542918400072EDD /* UIKit.framework */ = {isa = PBXFileReference; lastKnownFileType = wrapper.framework; name = UIKit.framework; path = System/Library/Frameworks/UIKit.framework; sourceTree = SDKROOT; };
		03DAAEE41542918400072EDD /* Foundation.framework */ = {isa = PBXFileReference; lastKnownFileType = wrapper.framework; name = Foundation.framework; path = System/Library/Frameworks/Foundation.framework; sourceTree = SDKROOT; };
		03DAAEE61542918400072EDD /* CoreGraphics.framework */ = {isa = PBXFileReference; lastKnownFileType = wrapper.framework; name = CoreGraphics.framework; path = System/Library/Frameworks/CoreGraphics.framework; sourceTree = SDKROOT; };
		03DAAEEA1542918400072EDD /* Mytest-Info.plist */ = {isa = PBXFileReference; lastKnownFileType = text.plist.xml; path = "Mytest-Info.plist"; sourceTree = "<group>"; };
		03DAAEEC1542918400072EDD /* en */ = {isa = PBXFileReference; lastKnownFileType = text.plist.strings; name = en; path = en.lproj/InfoPlist.strings; sourceTree = "<group>"; };
		03DAAEEE1542918400072EDD /* main.m */ = {isa = PBXFileReference; lastKnownFileType = sourcecode.c.objc; path = main.m; sourceTree = "<group>"; };
		03DAAEF01542918400072EDD /* Mytest-Prefix.pch */ = {isa = PBXFileReference; lastKnownFileType = sourcecode.c.h; path = "Mytest-Prefix.pch"; sourceTree = "<group>"; };
		03DAAEF11542918400072EDD /* AppDelegate.h */ = {isa = PBXFileReference; lastKnownFileType = sourcecode.c.h; path = AppDelegate.h; sourceTree = "<group>"; };
		03DAAEF21542918400072EDD /* AppDelegate.m */ = {isa = PBXFileReference; lastKnownFileType = sourcecode.c.objc; path = AppDelegate.m; sourceTree = "<group>"; };
		03DAAEF51542918400072EDD /* en */ = {isa = PBXFileReference; lastKnownFileType = file.storyboard; name = en; path = en.lproj/MainStoryboard.storyboard; sourceTree = "<group>"; };
		03DAAEF71542918400072EDD /* ViewController.h */ = {isa = PBXFileReference; lastKnownFileType = sourcecode.c.h; path = ViewController.h; sourceTree = "<group>"; };
		03DAAEF81542918400072EDD /* ViewController.m */ = {isa = PBXFileReference; lastKnownFileType = sourcecode.c.objc; path = ViewController.m; sourceTree = "<group>"; };
		03DAAEFF1542918400072EDD /* MytestTests.octest */ = {isa = PBXFileReference; explicitFileType = wrapper.cfbundle; includeInIndex = 0; path = MytestTests.octest; sourceTree = BUILT_PRODUCTS_DIR; };
		03DAAF001542918400072EDD /* SenTestingKit.framework */ = {isa = PBXFileReference; lastKnownFileType = wrapper.framework; name = SenTestingKit.framework; path = Library/Frameworks/SenTestingKit.framework; sourceTree = DEVELOPER_DIR; };
		03DAAF081542918500072EDD /* MytestTests-Info.plist */ = {isa = PBXFileReference; lastKnownFileType = text.plist.xml; path = "MytestTests-Info.plist"; sourceTree = "<group>"; };
		03DAAF0A1542918500072EDD /* en */ = {isa = PBXFileReference; lastKnownFileType = text.plist.strings; name = en; path = en.lproj/InfoPlist.strings; sourceTree = "<group>"; };
		03DAAF0C1542918500072EDD /* MytestTests.h */ = {isa = PBXFileReference; lastKnownFileType = sourcecode.c.h; path = MytestTests.h; sourceTree = "<group>"; };
		03DAAF0D1542918500072EDD /* MytestTests.m */ = {isa = PBXFileReference; lastKnownFileType = sourcecode.c.objc; path = MytestTests.m; sourceTree = "<group>"; };
/* End PBXFileReference section */

/* Begin PBXFrameworksBuildPhase section */
		03DAAEDB1542918400072EDD /* Frameworks */ = {
			isa = PBXFrameworksBuildPhase;
			buildActionMask = 2147483647;
			files = (
				03DAAEE31542918400072EDD /* UIKit.framework in Frameworks */,
				03DAAEE51542918400072EDD /* Foundation.framework in Frameworks */,
				03DAAEE71542918400072EDD /* CoreGraphics.framework in Frameworks */,
			);
			runOnlyForDeploymentPostprocessing = 0;
		};
		03DAAEFB1542918400072EDD /* Frameworks */ = {
			isa = PBXFrameworksBuildPhase;
			buildActionMask = 2147483647;
			files = (
				03DAAF011542918400072EDD /* SenTestingKit.framework in Frameworks */,
				03DAAF021542918500072EDD /* UIKit.framework in Frameworks */,
				03DAAF031542918500072EDD /* Foundation.framework in Frameworks */,
			);
			runOnlyForDeploymentPostprocessing = 0;
		};
/* End PBXFrameworksBuildPhase section */

/* Begin PBXGroup section */
		03DAAED31542918400072EDD = {
			isa = PBXGroup;
			children = (
				03DAAEE81542918400072EDD /* Mytest */,
				03DAAF061542918500072EDD /* MytestTests */,
				03DAAEE11542918400072EDD /* Frameworks */,
				03DAAEDF1542918400072EDD /* Products */,
			);
			sourceTree = "<group>";
		};
		03DAAEDF1542918400072EDD /* Products */ = {
			isa = PBXGroup;
			children = (
				03DAAEDE1542918400072EDD /* Mytest.app */,
				03DAAEFF1542918400072EDD /* MytestTests.octest */,
			);
			name = Products;
			sourceTree = "<group>";
		};
		03DAAEE11542918400072EDD /* Frameworks */ = {
			isa = PBXGroup;
			children = (
				03DAAEE21542918400072EDD /* UIKit.framework */,
				03DAAEE41542918400072EDD /* Foundation.framework */,
				03DAAEE61542918400072EDD /* CoreGraphics.framework */,
				03DAAF001542918400072EDD /* SenTestingKit.framework */,
			);
			name = Frameworks;
			sourceTree = "<group>";
		};
		03DAAEE81542918400072EDD /* Mytest */ = {
			isa = PBXGroup;
			children = (
				03DAAEF11542918400072EDD /* AppDelegate.h */,
				03DAAEF21542918400072EDD /* AppDelegate.m */,
				03DAAEF41542918400072EDD /* MainStoryboard.storyboard */,
				03DAAEF71542918400072EDD /* ViewController.h */,
				03DAAEF81542918400072EDD /* ViewController.m */,
				03DAAEE91542918400072EDD /* Supporting Files */,
			);
			path = Mytest;
			sourceTree = "<group>";
		};
		03DAAEE91542918400072EDD /* Supporting Files */ = {
			isa = PBXGroup;
			children = (
				03DAAEEA1542918400072EDD /* Mytest-Info.plist */,
				03DAAEEB1542918400072EDD /* InfoPlist.strings */,
				03DAAEEE1542918400072EDD /* main.m */,
				03DAAEF01542918400072EDD /* Mytest-Prefix.pch */,
			);
			name = "Supporting Files";
			sourceTree = "<group>";
		};
		03DAAF061542918500072EDD /* MytestTests */ = {
			isa = PBXGroup;
			children = (
				03DAAF0C1542918500072EDD /* MytestTests.h */,
				03DAAF0D1542918500072EDD /* MytestTests.m */,
				03DAAF071542918500072EDD /* Supporting Files */,
			);
			path = MytestTests;
			sourceTree = "<group>";
		};
		03DAAF071542918500072EDD /* Supporting Files */ = {
			isa = PBXGroup;
			children = (
				03DAAF081542918500072EDD /* MytestTests-Info.plist */,
				03DAAF091542918500072EDD /* InfoPlist.strings */,
			);
			name = "Supporting Files";
			sourceTree = "<group>";
		};
/* End PBXGroup section */

/* Begin PBXNativeTarget section */
		03DAAEDD1542918400072EDD /* Mytest */ = {
			isa = PBXNativeTarget;
			buildConfigurationList = 03DAAF111542918500072EDD /* Build configuration list for PBXNativeTarget "Mytest" */;
			buildPhases = (
				03DAAEDA1542918400072EDD /* Sources */,
				03DAAEDB1542918400072EDD /* Frameworks */,
				03DAAEDC1542918400072EDD /* Resources */,
			);
			buildRules = (
			);
			dependencies = (
			);
			name = Mytest;
			productName = Mytest;
			productReference = 03DAAEDE1542918400072EDD /* Mytest.app */;
			productType = "com.apple.product-type.application";
		};
		03DAAEFE1542918400072EDD /* MytestTests */ = {
			isa = PBXNativeTarget;
			buildConfigurationList = 03DAAF141542918500072EDD /* Build configuration list for PBXNativeTarget "MytestTests" */;
			buildPhases = (
				03DAAEFA1542918400072EDD /* Sources */,
				03DAAEFB1542918400072EDD /* Frameworks */,
				03DAAEFC1542918400072EDD /* Resources */,
				03DAAEFD1542918400072EDD /* ShellScript */,
			);
			buildRules = (
			);
			dependencies = (
				03DAAF051542918500072EDD /* PBXTargetDependency */,
			);
			name = MytestTests;
			productName = MytestTests;
			productReference = 03DAAEFF1542918400072EDD /* MytestTests.octest */;
			productType = "com.apple.product-type.bundle";
		};
/* End PBXNativeTarget section */

/* Begin PBXProject section */
		03DAAED51542918400072EDD /* Project object */ = {
			isa = PBXProject;
			attributes = {
				LastUpgradeCheck = 0430;
				ORGANIZATIONNAME = "navneetk@thoughtworks.com";
			};
			buildConfigurationList = 03DAAED81542918400072EDD /* Build configuration list for PBXProject "Mytest" */;
			compatibilityVersion = "Xcode 3.2";
			developmentRegion = English;
			hasScannedForEncodings = 0;
			knownRegions = (
				en,
			);
			mainGroup = 03DAAED31542918400072EDD;
			productRefGroup = 03DAAEDF1542918400072EDD /* Products */;
			projectDirPath = "";
			projectRoot = "";
			targets = (
				03DAAEDD1542918400072EDD /* Mytest */,
				03DAAEFE1542918400072EDD /* MytestTests */,
			);
		};
/* End PBXProject section */

/* Begin PBXResourcesBuildPhase section */
		03DAAEDC1542918400072EDD /* Resources */ = {
			isa = PBXResourcesBuildPhase;
			buildActionMask = 2147483647;
			files = (
				03DAAEED1542918400072EDD /* InfoPlist.strings in Resources */,
				03DAAEF61542918400072EDD /* MainStoryboard.storyboard in Resources */,
			);
			runOnlyForDeploymentPostprocessing = 0;
		};
		03DAAEFC1542918400072EDD /* Resources */ = {
			isa = PBXResourcesBuildPhase;
			buildActionMask = 2147483647;
			files = (
				03DAAF0B1542918500072EDD /* InfoPlist.strings in Resources */,
			);
			runOnlyForDeploymentPostprocessing = 0;
		};
/* End PBXResourcesBuildPhase section */

/* Begin PBXShellScriptBuildPhase section */
		03DAAEFD1542918400072EDD /* ShellScript */ = {
			isa = PBXShellScriptBuildPhase;
			buildActionMask = 2147483647;
			files = (
			);
			inputPaths = (
			);
			outputPaths = (
			);
			runOnlyForDeploymentPostprocessing = 0;
			shellPath = /bin/sh;
			shellScript = "# Run the unit tests in this test bundle.\n\"${SYSTEM_DEVELOPER_DIR}/Tools/RunUnitTests\"\n";
		};
/* End PBXShellScriptBuildPhase section */

/* Begin PBXSourcesBuildPhase section */
		03DAAEDA1542918400072EDD /* Sources */ = {
			isa = PBXSourcesBuildPhase;
			buildActionMask = 2147483647;
			files = (
				03DAAEEF1542918400072EDD /* main.m in Sources */,
				03DAAEF31542918400072EDD /* AppDelegate.m in Sources */,
				03DAAEF91542918400072EDD /* ViewController.m in Sources */,
			);
			runOnlyForDeploymentPostprocessing = 0;
		};
		03DAAEFA1542918400072EDD /* Sources */ = {
			isa = PBXSourcesBuildPhase;
			buildActionMask = 2147483647;
			files = (
				03DAAF0E1542918500072EDD /* MytestTests.m in Sources */,
			);
			runOnlyForDeploymentPostprocessing = 0;
		};
/* End PBXSourcesBuildPhase section */

/* Begin PBXTargetDependency section */
		03DAAF051542918500072EDD /* PBXTargetDependency */ = {
			isa = PBXTargetDependency;
			target = 03DAAEDD1542918400072EDD /* Mytest */;
			targetProxy = 03DAAF041542918500072EDD /* PBXContainerItemProxy */;
		};
/* End PBXTargetDependency section */

/* Begin PBXVariantGroup section */
		03DAAEEB1542918400072EDD /* InfoPlist.strings */ = {
			isa = PBXVariantGroup;
			children = (
				03DAAEEC1542918400072EDD /* en */,
			);
			name = InfoPlist.strings;
			sourceTree = "<group>";
		};
		03DAAEF41542918400072EDD /* MainStoryboard.storyboard */ = {
			isa = PBXVariantGroup;
			children = (
				03DAAEF51542918400072EDD /* en */,
			);
			name = MainStoryboard.storyboard;
			sourceTree = "<group>";
		};
		03DAAF091542918500072EDD /* InfoPlist.strings */ = {
			isa = PBXVariantGroup;
			children = (
				03DAAF0A1542918500072EDD /* en */,
			);
			name = InfoPlist.strings;
			sourceTree = "<group>";
		};
/* End PBXVariantGroup section */

/* Begin XCBuildConfiguration section */
		03DAAF0F1542918500072EDD /* Debug */ = {
			isa = XCBuildConfiguration;
			buildSettings = {
				ALWAYS_SEARCH_USER_PATHS = NO;
				ARCHS = "$(ARCHS_STANDARD_32_BIT)";
				CLANG_ENABLE_OBJC_ARC = YES;
				"CODE_SIGN_IDENTITY[sdk=iphoneos*]" = "iPhone Developer";
				COPY_PHASE_STRIP = NO;
				GCC_C_LANGUAGE_STANDARD = gnu99;
				GCC_DYNAMIC_NO_PIC = NO;
				GCC_OPTIMIZATION_LEVEL = 0;
				GCC_PREPROCESSOR_DEFINITIONS = (
					"DEBUG=1",
					"$(inherited)",
				);
				GCC_SYMBOLS_PRIVATE_EXTERN = NO;
				GCC_VERSION = com.apple.compilers.llvm.clang.1_0;
				GCC_WARN_ABOUT_RETURN_TYPE = YES;
				GCC_WARN_UNINITIALIZED_AUTOS = YES;
				GCC_WARN_UNUSED_VARIABLE = YES;
				IPHONEOS_DEPLOYMENT_TARGET = 5.1;
				SDKROOT = iphoneos;
				TARGETED_DEVICE_FAMILY = 2;
			};
			name = Debug;
		};
		03DAAF101542918500072EDD /* Release */ = {
			isa = XCBuildConfiguration;
			buildSettings = {
				ALWAYS_SEARCH_USER_PATHS = NO;
				ARCHS = "$(ARCHS_STANDARD_32_BIT)";
				CLANG_ENABLE_OBJC_ARC = YES;
				"CODE_SIGN_IDENTITY[sdk=iphoneos*]" = "iPhone Developer";
				COPY_PHASE_STRIP = YES;
				GCC_C_LANGUAGE_STANDARD = gnu99;
				GCC_VERSION = com.apple.compilers.llvm.clang.1_0;
				GCC_WARN_ABOUT_RETURN_TYPE = YES;
				GCC_WARN_UNINITIALIZED_AUTOS = YES;
				GCC_WARN_UNUSED_VARIABLE = YES;
				IPHONEOS_DEPLOYMENT_TARGET = 5.1;
				OTHER_CFLAGS = "-DNS_BLOCK_ASSERTIONS=1";
				SDKROOT = iphoneos;
				TARGETED_DEVICE_FAMILY = 2;
				VALIDATE_PRODUCT = YES;
			};
			name = Release;
		};
		03DAAF121542918500072EDD /* Debug */ = {
			isa = XCBuildConfiguration;
			buildSettings = {
				GCC_PRECOMPILE_PREFIX_HEADER = YES;
				GCC_PREFIX_HEADER = "Mytest/Mytest-Prefix.pch";
				INFOPLIST_FILE = "Mytest/Mytest-Info.plist";
				PRODUCT_NAME = "$(TARGET_NAME)";
				WRAPPER_EXTENSION = app;
			};
			name = Debug;
		};
		03DAAF131542918500072EDD /* Release */ = {
			isa = XCBuildConfiguration;
			buildSettings = {
				GCC_PRECOMPILE_PREFIX_HEADER = YES;
				GCC_PREFIX_HEADER = "Mytest/Mytest-Prefix.pch";
				INFOPLIST_FILE = "Mytest/Mytest-Info.plist";
				PRODUCT_NAME = "$(TARGET_NAME)";
				WRAPPER_EXTENSION = app;
			};
			name = Release;
		};
		03DAAF151542918500072EDD /* Debug */ = {
			isa = XCBuildConfiguration;
			buildSettings = {
				BUNDLE_LOADER = "$(BUILT_PRODUCTS_DIR)/Mytest.app/Mytest";
				FRAMEWORK_SEARCH_PATHS = (
					"$(SDKROOT)/Developer/Library/Frameworks",
					"$(DEVELOPER_LIBRARY_DIR)/Frameworks",
				);
				GCC_PRECOMPILE_PREFIX_HEADER = YES;
				GCC_PREFIX_HEADER = "Mytest/Mytest-Prefix.pch";
				INFOPLIST_FILE = "MytestTests/MytestTests-Info.plist";
				PRODUCT_NAME = "$(TARGET_NAME)";
				TEST_HOST = "$(BUNDLE_LOADER)";
				WRAPPER_EXTENSION = octest;
			};
			name = Debug;
		};
		03DAAF161542918500072EDD /* Release */ = {
			isa = XCBuildConfiguration;
			buildSettings = {
				BUNDLE_LOADER = "$(BUILT_PRODUCTS_DIR)/Mytest.app/Mytest";
				FRAMEWORK_SEARCH_PATHS = (
					"$(SDKROOT)/Developer/Library/Frameworks",
					"$(DEVELOPER_LIBRARY_DIR)/Frameworks",
				);
				GCC_PRECOMPILE_PREFIX_HEADER = YES;
				GCC_PREFIX_HEADER = "Mytest/Mytest-Prefix.pch";
				INFOPLIST_FILE = "MytestTests/MytestTests-Info.plist";
				PRODUCT_NAME = "$(TARGET_NAME)";
				TEST_HOST = "$(BUNDLE_LOADER)";
				WRAPPER_EXTENSION = octest;
			};
			name = Release;
		};
/* End XCBuildConfiguration section */

/* Begin XCConfigurationList section */
		03DAAED81542918400072EDD /* Build configuration list for PBXProject "Mytest" */ = {
			isa = XCConfigurationList;
			buildConfigurations = (
				03DAAF0F1542918500072EDD /* Debug */,
				03DAAF101542918500072EDD /* Release */,
			);
			defaultConfigurationIsVisible = 0;
			defaultConfigurationName = Release;
		};
		03DAAF111542918500072EDD /* Build configuration list for PBXNativeTarget "Mytest" */ = {
			isa = XCConfigurationList;
			buildConfigurations = (
				03DAAF121542918500072EDD /* Debug */,
				03DAAF131542918500072EDD /* Release */,
			);
			defaultConfigurationIsVisible = 0;
			defaultConfigurationName = Release;
		};
		03DAAF141542918500072EDD /* Build configuration list for PBXNativeTarget "MytestTests" */ = {
			isa = XCConfigurationList;
			buildConfigurations = (
				03DAAF151542918500072EDD /* Debug */,
				03DAAF161542918500072EDD /* Release */,
			);
			defaultConfigurationIsVisible = 0;
			defaultConfigurationName = Release;
		};
/* End XCConfigurationList section */
	};
	rootObject = 03DAAED51542918400072EDD /* Project object */;
}
